// !$*UTF8*$!
{
	archiveVersion = 1;
	classes = {
	};
	objectVersion = 56;
	objects = {

/* Begin PBXBuildFile section */
		1870E2CD2AF1985700521EB4 /* ViewGender.swift in Sources */ = {isa = PBXBuildFile; fileRef = 1870E2CC2AF1985700521EB4 /* ViewGender.swift */; };
		1870E2CF2AF1989300521EB4 /* ViewGoal.swift in Sources */ = {isa = PBXBuildFile; fileRef = 1870E2CE2AF1989300521EB4 /* ViewGoal.swift */; };
		1870E2D12AF198D900521EB4 /* ViewBirthday.swift in Sources */ = {isa = PBXBuildFile; fileRef = 1870E2D02AF198D900521EB4 /* ViewBirthday.swift */; };
		1870E2D32AF1990900521EB4 /* ViewWeight.swift in Sources */ = {isa = PBXBuildFile; fileRef = 1870E2D22AF1990900521EB4 /* ViewWeight.swift */; };
		1870E2D52AF1993C00521EB4 /* ViewStatus.swift in Sources */ = {isa = PBXBuildFile; fileRef = 1870E2D42AF1993C00521EB4 /* ViewStatus.swift */; };
		18905E072AC4FABC00274E8D /* OnboardingView.swift in Sources */ = {isa = PBXBuildFile; fileRef = 18905E062AC4FABC00274E8D /* OnboardingView.swift */; };
		370248652ACDE75000B01429 /* SignInViewModel.swift in Sources */ = {isa = PBXBuildFile; fileRef = 370248642ACDE75000B01429 /* SignInViewModel.swift */; };
		3702486C2ACDF4A300B01429 /* TextField+Extensions.swift in Sources */ = {isa = PBXBuildFile; fileRef = 3702486B2ACDF4A300B01429 /* TextField+Extensions.swift */; };
		370248712ACDF63300B01429 /* PrimaryTextFieldModifier.swift in Sources */ = {isa = PBXBuildFile; fileRef = 370248702ACDF63300B01429 /* PrimaryTextFieldModifier.swift */; };
		370248732ACDF65B00B01429 /* SecureField+Extensions.swift in Sources */ = {isa = PBXBuildFile; fileRef = 370248722ACDF65B00B01429 /* SecureField+Extensions.swift */; };
		370248752ACDFAA000B01429 /* SignUpViewModel.swift in Sources */ = {isa = PBXBuildFile; fileRef = 370248742ACDFAA000B01429 /* SignUpViewModel.swift */; };
		370248772ACDFB9D00B01429 /* SmallRoundButton.swift in Sources */ = {isa = PBXBuildFile; fileRef = 370248762ACDFB9D00B01429 /* SmallRoundButton.swift */; };
		3704334A2ACB9394008F2703 /* AuthenticationTests.swift in Sources */ = {isa = PBXBuildFile; fileRef = 370433492ACB9394008F2703 /* AuthenticationTests.swift */; };
		3704334C2ACB9415008F2703 /* InjectedValues+Keys.swift in Sources */ = {isa = PBXBuildFile; fileRef = 3704334B2ACB9415008F2703 /* InjectedValues+Keys.swift */; };
		370433542ACC658F008F2703 /* Colors.xcassets in Resources */ = {isa = PBXBuildFile; fileRef = 370433532ACC658F008F2703 /* Colors.xcassets */; };
		370433562ACC6763008F2703 /* AssetColors+Constants.swift in Sources */ = {isa = PBXBuildFile; fileRef = 370433552ACC6763008F2703 /* AssetColors+Constants.swift */; };
		370433592ACC69ED008F2703 /* Inter.ttf in Resources */ = {isa = PBXBuildFile; fileRef = 370433582ACC69E8008F2703 /* Inter.ttf */; };
		3704335C2ACC6BFC008F2703 /* CustomFonts+Constants.swift in Sources */ = {isa = PBXBuildFile; fileRef = 3704335B2ACC6BFC008F2703 /* CustomFonts+Constants.swift */; };
		3720773D2AD8D35D008534FD /* GoogleSignIn in Frameworks */ = {isa = PBXBuildFile; productRef = 3720773C2AD8D35D008534FD /* GoogleSignIn */; };
		372077422AD9E24E008534FD /* ProviderAppleButton.swift in Sources */ = {isa = PBXBuildFile; fileRef = 372077412AD9E24E008534FD /* ProviderAppleButton.swift */; };
		372077442AD9EF36008534FD /* CryptoHelper.swift in Sources */ = {isa = PBXBuildFile; fileRef = 372077432AD9EF36008534FD /* CryptoHelper.swift */; };
		374BB0862ABE5E350010C707 /* Localizable.strings in Resources */ = {isa = PBXBuildFile; fileRef = 374BB0882ABE5E350010C707 /* Localizable.strings */; };
		374BB08C2ABE5E880010C707 /* Localization+Constants.swift in Sources */ = {isa = PBXBuildFile; fileRef = 374BB08B2ABE5E880010C707 /* Localization+Constants.swift */; };
		377FAE242ABB976A00877F37 /* .swiftlint.yml in Resources */ = {isa = PBXBuildFile; fileRef = 377FAE232ABB976A00877F37 /* .swiftlint.yml */; };
		378EDCE12AD5C08C001F5E5D /* EmailProviding.swift in Sources */ = {isa = PBXBuildFile; fileRef = 378EDCE02AD5C08C001F5E5D /* EmailProviding.swift */; };
		378EDCE42AD5C0DB001F5E5D /* EmailProvider.swift in Sources */ = {isa = PBXBuildFile; fileRef = 378EDCE32AD5C0DB001F5E5D /* EmailProvider.swift */; };
		378FBC222B0F933100AA04FB /* LaunchScreenView.swift in Sources */ = {isa = PBXBuildFile; fileRef = 378FBC212B0F933100AA04FB /* LaunchScreenView.swift */; };
		378FBC242B0F9BB900AA04FB /* NavigationManager.swift in Sources */ = {isa = PBXBuildFile; fileRef = 378FBC232B0F9BB900AA04FB /* NavigationManager.swift */; };
		3799EF312AC3A8AA0018AB87 /* AuthenticationProviding.swift in Sources */ = {isa = PBXBuildFile; fileRef = 3799EF302AC3A8AA0018AB87 /* AuthenticationProviding.swift */; };
		3799EF342AC3AAA80018AB87 /* User.swift in Sources */ = {isa = PBXBuildFile; fileRef = 3799EF332AC3AAA80018AB87 /* User.swift */; };
		3799EF3A2AC3AE710018AB87 /* InjectedValues.swift in Sources */ = {isa = PBXBuildFile; fileRef = 3799EF392AC3AE710018AB87 /* InjectedValues.swift */; };
		3799EF3C2AC3AE930018AB87 /* InjectionKey.swift in Sources */ = {isa = PBXBuildFile; fileRef = 3799EF3B2AC3AE930018AB87 /* InjectionKey.swift */; };
		3799EF3E2AC3AED00018AB87 /* Injected.swift in Sources */ = {isa = PBXBuildFile; fileRef = 3799EF3D2AC3AED00018AB87 /* Injected.swift */; };
		3799EF412AC3AF240018AB87 /* FirebaseAuthenticationProvider.swift in Sources */ = {isa = PBXBuildFile; fileRef = 3799EF402AC3AF240018AB87 /* FirebaseAuthenticationProvider.swift */; };
		3799EF492AC3B0470018AB87 /* NutritionNestTests.swift in Sources */ = {isa = PBXBuildFile; fileRef = 3799EF482AC3B0470018AB87 /* NutritionNestTests.swift */; };
		3799EF512AC3B2100018AB87 /* FirebaseAnalytics in Frameworks */ = {isa = PBXBuildFile; productRef = 3799EF502AC3B2100018AB87 /* FirebaseAnalytics */; };
		3799EF552AC3B2100018AB87 /* FirebaseAuth in Frameworks */ = {isa = PBXBuildFile; productRef = 3799EF542AC3B2100018AB87 /* FirebaseAuth */; };
		3799EF572AC3B2B10018AB87 /* AppDelegate.swift in Sources */ = {isa = PBXBuildFile; fileRef = 3799EF562AC3B2B10018AB87 /* AppDelegate.swift */; };
		37A2D95A2ADAD3C10019DF8F /* Log.swift in Sources */ = {isa = PBXBuildFile; fileRef = 37A2D9592ADAD3C10019DF8F /* Log.swift */; };
		37B0AAC72ADA0CBE005B4B9D /* GoogleService-Info.plist in Resources */ = {isa = PBXBuildFile; fileRef = 37B0AAC62ADA0CBE005B4B9D /* GoogleService-Info.plist */; };
		37BEB5262ADD62AA0071E618 /* PasswordField.swift in Sources */ = {isa = PBXBuildFile; fileRef = 37BEB5252ADD62AA0071E618 /* PasswordField.swift */; };
		37C5A1CC2ABB7185005280B5 /* NutritionNestApp.swift in Sources */ = {isa = PBXBuildFile; fileRef = 37C5A1CB2ABB7185005280B5 /* NutritionNestApp.swift */; };
		37C5A1CE2ABB7185005280B5 /* ContentView.swift in Sources */ = {isa = PBXBuildFile; fileRef = 37C5A1CD2ABB7185005280B5 /* ContentView.swift */; };
		37C5A1D02ABB7187005280B5 /* Assets.xcassets in Resources */ = {isa = PBXBuildFile; fileRef = 37C5A1CF2ABB7187005280B5 /* Assets.xcassets */; };
		37C5A1D42ABB7187005280B5 /* Preview Assets.xcassets in Resources */ = {isa = PBXBuildFile; fileRef = 37C5A1D32ABB7187005280B5 /* Preview Assets.xcassets */; };
		37C5A1E12ABB7F32005280B5 /* SignUpView.swift in Sources */ = {isa = PBXBuildFile; fileRef = 37C5A1E02ABB7F32005280B5 /* SignUpView.swift */; };
		37C5A1E42ABB7F5B005280B5 /* SignInView.swift in Sources */ = {isa = PBXBuildFile; fileRef = 37C5A1E32ABB7F5B005280B5 /* SignInView.swift */; };
		37CD3F272AE09F40000F0245 /* FacebookCore in Frameworks */ = {isa = PBXBuildFile; productRef = 37CD3F262AE09F40000F0245 /* FacebookCore */; };
		37CD3F292AE0A3F4000F0245 /* FacebookLogin in Frameworks */ = {isa = PBXBuildFile; productRef = 37CD3F282AE0A3F4000F0245 /* FacebookLogin */; };
		37F777FA2ACF9E12001C1CFA /* AssetImages+Constants.swift in Sources */ = {isa = PBXBuildFile; fileRef = 37F777F92ACF9E12001C1CFA /* AssetImages+Constants.swift */; };
		37F777FC2ACFA06A001C1CFA /* ProviderButton.swift in Sources */ = {isa = PBXBuildFile; fileRef = 37F777FB2ACFA06A001C1CFA /* ProviderButton.swift */; };
		37F777FE2ACFA190001C1CFA /* OrText.swift in Sources */ = {isa = PBXBuildFile; fileRef = 37F777FD2ACFA190001C1CFA /* OrText.swift */; };
/* End PBXBuildFile section */

/* Begin PBXContainerItemProxy section */
		3799EF4A2AC3B0470018AB87 /* PBXContainerItemProxy */ = {
			isa = PBXContainerItemProxy;
			containerPortal = 37C5A1C02ABB7185005280B5 /* Project object */;
			proxyType = 1;
			remoteGlobalIDString = 37C5A1C72ABB7185005280B5;
			remoteInfo = NutritionNest;
		};
/* End PBXContainerItemProxy section */

/* Begin PBXFileReference section */
		1870E2CC2AF1985700521EB4 /* ViewGender.swift */ = {isa = PBXFileReference; lastKnownFileType = sourcecode.swift; path = ViewGender.swift; sourceTree = "<group>"; };
		1870E2CE2AF1989300521EB4 /* ViewGoal.swift */ = {isa = PBXFileReference; lastKnownFileType = sourcecode.swift; path = ViewGoal.swift; sourceTree = "<group>"; };
		1870E2D02AF198D900521EB4 /* ViewBirthday.swift */ = {isa = PBXFileReference; lastKnownFileType = sourcecode.swift; path = ViewBirthday.swift; sourceTree = "<group>"; };
		1870E2D22AF1990900521EB4 /* ViewWeight.swift */ = {isa = PBXFileReference; lastKnownFileType = sourcecode.swift; path = ViewWeight.swift; sourceTree = "<group>"; };
		1870E2D42AF1993C00521EB4 /* ViewStatus.swift */ = {isa = PBXFileReference; lastKnownFileType = sourcecode.swift; path = ViewStatus.swift; sourceTree = "<group>"; };
		18905E062AC4FABC00274E8D /* OnboardingView.swift */ = {isa = PBXFileReference; lastKnownFileType = sourcecode.swift; path = OnboardingView.swift; sourceTree = "<group>"; };
		370248642ACDE75000B01429 /* SignInViewModel.swift */ = {isa = PBXFileReference; lastKnownFileType = sourcecode.swift; path = SignInViewModel.swift; sourceTree = "<group>"; };
		3702486B2ACDF4A300B01429 /* TextField+Extensions.swift */ = {isa = PBXFileReference; lastKnownFileType = sourcecode.swift; path = "TextField+Extensions.swift"; sourceTree = "<group>"; };
		370248702ACDF63300B01429 /* PrimaryTextFieldModifier.swift */ = {isa = PBXFileReference; lastKnownFileType = sourcecode.swift; name = PrimaryTextFieldModifier.swift; path = NutritionNest/Components/Modifiers/PrimaryTextFieldModifier.swift; sourceTree = SOURCE_ROOT; };
		370248722ACDF65B00B01429 /* SecureField+Extensions.swift */ = {isa = PBXFileReference; lastKnownFileType = sourcecode.swift; path = "SecureField+Extensions.swift"; sourceTree = "<group>"; };
		370248742ACDFAA000B01429 /* SignUpViewModel.swift */ = {isa = PBXFileReference; lastKnownFileType = sourcecode.swift; path = SignUpViewModel.swift; sourceTree = "<group>"; };
		370248762ACDFB9D00B01429 /* SmallRoundButton.swift */ = {isa = PBXFileReference; lastKnownFileType = sourcecode.swift; path = SmallRoundButton.swift; sourceTree = "<group>"; };
		370433492ACB9394008F2703 /* AuthenticationTests.swift */ = {isa = PBXFileReference; lastKnownFileType = sourcecode.swift; path = AuthenticationTests.swift; sourceTree = "<group>"; };
		3704334B2ACB9415008F2703 /* InjectedValues+Keys.swift */ = {isa = PBXFileReference; lastKnownFileType = sourcecode.swift; path = "InjectedValues+Keys.swift"; sourceTree = "<group>"; };
		370433532ACC658F008F2703 /* Colors.xcassets */ = {isa = PBXFileReference; lastKnownFileType = folder.assetcatalog; path = Colors.xcassets; sourceTree = "<group>"; };
		370433552ACC6763008F2703 /* AssetColors+Constants.swift */ = {isa = PBXFileReference; lastKnownFileType = sourcecode.swift; path = "AssetColors+Constants.swift"; sourceTree = "<group>"; };
		370433582ACC69E8008F2703 /* Inter.ttf */ = {isa = PBXFileReference; lastKnownFileType = file; path = Inter.ttf; sourceTree = "<group>"; };
		3704335A2ACC6A61008F2703 /* Info.plist */ = {isa = PBXFileReference; lastKnownFileType = text.plist; path = Info.plist; sourceTree = "<group>"; };
		3704335B2ACC6BFC008F2703 /* CustomFonts+Constants.swift */ = {isa = PBXFileReference; lastKnownFileType = sourcecode.swift; path = "CustomFonts+Constants.swift"; sourceTree = "<group>"; };
		372077412AD9E24E008534FD /* ProviderAppleButton.swift */ = {isa = PBXFileReference; lastKnownFileType = sourcecode.swift; path = ProviderAppleButton.swift; sourceTree = "<group>"; };
		372077432AD9EF36008534FD /* CryptoHelper.swift */ = {isa = PBXFileReference; lastKnownFileType = sourcecode.swift; path = CryptoHelper.swift; sourceTree = "<group>"; };
		374BB0872ABE5E350010C707 /* en */ = {isa = PBXFileReference; lastKnownFileType = text.plist.strings; name = en; path = en.lproj/Localizable.strings; sourceTree = "<group>"; };
		374BB08B2ABE5E880010C707 /* Localization+Constants.swift */ = {isa = PBXFileReference; lastKnownFileType = sourcecode.swift; path = "Localization+Constants.swift"; sourceTree = "<group>"; };
		377FAE232ABB976A00877F37 /* .swiftlint.yml */ = {isa = PBXFileReference; lastKnownFileType = text.yaml; path = .swiftlint.yml; sourceTree = "<group>"; };
		378EDCE02AD5C08C001F5E5D /* EmailProviding.swift */ = {isa = PBXFileReference; lastKnownFileType = sourcecode.swift; path = EmailProviding.swift; sourceTree = "<group>"; };
		378EDCE32AD5C0DB001F5E5D /* EmailProvider.swift */ = {isa = PBXFileReference; lastKnownFileType = sourcecode.swift; path = EmailProvider.swift; sourceTree = "<group>"; };
		378FBC212B0F933100AA04FB /* LaunchScreenView.swift */ = {isa = PBXFileReference; lastKnownFileType = sourcecode.swift; path = LaunchScreenView.swift; sourceTree = "<group>"; };
		378FBC232B0F9BB900AA04FB /* NavigationManager.swift */ = {isa = PBXFileReference; lastKnownFileType = sourcecode.swift; path = NavigationManager.swift; sourceTree = "<group>"; };
		3799EF302AC3A8AA0018AB87 /* AuthenticationProviding.swift */ = {isa = PBXFileReference; lastKnownFileType = sourcecode.swift; path = AuthenticationProviding.swift; sourceTree = "<group>"; };
		3799EF332AC3AAA80018AB87 /* User.swift */ = {isa = PBXFileReference; lastKnownFileType = sourcecode.swift; path = User.swift; sourceTree = "<group>"; };
		3799EF392AC3AE710018AB87 /* InjectedValues.swift */ = {isa = PBXFileReference; lastKnownFileType = sourcecode.swift; path = InjectedValues.swift; sourceTree = "<group>"; };
		3799EF3B2AC3AE930018AB87 /* InjectionKey.swift */ = {isa = PBXFileReference; lastKnownFileType = sourcecode.swift; path = InjectionKey.swift; sourceTree = "<group>"; };
		3799EF3D2AC3AED00018AB87 /* Injected.swift */ = {isa = PBXFileReference; lastKnownFileType = sourcecode.swift; path = Injected.swift; sourceTree = "<group>"; };
		3799EF402AC3AF240018AB87 /* FirebaseAuthenticationProvider.swift */ = {isa = PBXFileReference; lastKnownFileType = sourcecode.swift; path = FirebaseAuthenticationProvider.swift; sourceTree = "<group>"; };
		3799EF462AC3B0470018AB87 /* NutritionNestTests.xctest */ = {isa = PBXFileReference; explicitFileType = wrapper.cfbundle; includeInIndex = 0; path = NutritionNestTests.xctest; sourceTree = BUILT_PRODUCTS_DIR; };
		3799EF482AC3B0470018AB87 /* NutritionNestTests.swift */ = {isa = PBXFileReference; lastKnownFileType = sourcecode.swift; path = NutritionNestTests.swift; sourceTree = "<group>"; };
		3799EF562AC3B2B10018AB87 /* AppDelegate.swift */ = {isa = PBXFileReference; lastKnownFileType = sourcecode.swift; path = AppDelegate.swift; sourceTree = "<group>"; };
		37A2D9592ADAD3C10019DF8F /* Log.swift */ = {isa = PBXFileReference; lastKnownFileType = sourcecode.swift; path = Log.swift; sourceTree = "<group>"; };
		37B0AAC62ADA0CBE005B4B9D /* GoogleService-Info.plist */ = {isa = PBXFileReference; fileEncoding = 4; lastKnownFileType = text.plist.xml; path = "GoogleService-Info.plist"; sourceTree = "<group>"; };
		37BEB5252ADD62AA0071E618 /* PasswordField.swift */ = {isa = PBXFileReference; lastKnownFileType = sourcecode.swift; path = PasswordField.swift; sourceTree = "<group>"; };
		37C5A1C82ABB7185005280B5 /* NutritionNest.app */ = {isa = PBXFileReference; explicitFileType = wrapper.application; includeInIndex = 0; path = NutritionNest.app; sourceTree = BUILT_PRODUCTS_DIR; };
		37C5A1CB2ABB7185005280B5 /* NutritionNestApp.swift */ = {isa = PBXFileReference; lastKnownFileType = sourcecode.swift; path = NutritionNestApp.swift; sourceTree = "<group>"; };
		37C5A1CD2ABB7185005280B5 /* ContentView.swift */ = {isa = PBXFileReference; lastKnownFileType = sourcecode.swift; path = ContentView.swift; sourceTree = "<group>"; };
		37C5A1CF2ABB7187005280B5 /* Assets.xcassets */ = {isa = PBXFileReference; lastKnownFileType = folder.assetcatalog; path = Assets.xcassets; sourceTree = "<group>"; };
		37C5A1D12ABB7187005280B5 /* NutritionNest.entitlements */ = {isa = PBXFileReference; lastKnownFileType = text.plist.entitlements; path = NutritionNest.entitlements; sourceTree = "<group>"; };
		37C5A1D32ABB7187005280B5 /* Preview Assets.xcassets */ = {isa = PBXFileReference; lastKnownFileType = folder.assetcatalog; path = "Preview Assets.xcassets"; sourceTree = "<group>"; };
		37C5A1E02ABB7F32005280B5 /* SignUpView.swift */ = {isa = PBXFileReference; lastKnownFileType = sourcecode.swift; path = SignUpView.swift; sourceTree = "<group>"; };
		37C5A1E32ABB7F5B005280B5 /* SignInView.swift */ = {isa = PBXFileReference; lastKnownFileType = sourcecode.swift; path = SignInView.swift; sourceTree = "<group>"; };
		37F777F92ACF9E12001C1CFA /* AssetImages+Constants.swift */ = {isa = PBXFileReference; lastKnownFileType = sourcecode.swift; path = "AssetImages+Constants.swift"; sourceTree = "<group>"; };
		37F777FB2ACFA06A001C1CFA /* ProviderButton.swift */ = {isa = PBXFileReference; lastKnownFileType = sourcecode.swift; path = ProviderButton.swift; sourceTree = "<group>"; };
		37F777FD2ACFA190001C1CFA /* OrText.swift */ = {isa = PBXFileReference; lastKnownFileType = sourcecode.swift; path = OrText.swift; sourceTree = "<group>"; };
/* End PBXFileReference section */

/* Begin PBXFrameworksBuildPhase section */
		3799EF432AC3B0470018AB87 /* Frameworks */ = {
			isa = PBXFrameworksBuildPhase;
			buildActionMask = 2147483647;
			files = (
			);
			runOnlyForDeploymentPostprocessing = 0;
		};
		37C5A1C52ABB7185005280B5 /* Frameworks */ = {
			isa = PBXFrameworksBuildPhase;
			buildActionMask = 2147483647;
			files = (
				37CD3F292AE0A3F4000F0245 /* FacebookLogin in Frameworks */,
				3799EF552AC3B2100018AB87 /* FirebaseAuth in Frameworks */,
				3799EF512AC3B2100018AB87 /* FirebaseAnalytics in Frameworks */,
				3720773D2AD8D35D008534FD /* GoogleSignIn in Frameworks */,
				37CD3F272AE09F40000F0245 /* FacebookCore in Frameworks */,
			);
			runOnlyForDeploymentPostprocessing = 0;
		};
/* End PBXFrameworksBuildPhase section */

/* Begin PBXGroup section */
		18905E052AC4FAA700274E8D /* Onboarding */ = {
			isa = PBXGroup;
			children = (
				18905E062AC4FABC00274E8D /* OnboardingView.swift */,
				1870E2CE2AF1989300521EB4 /* ViewGoal.swift */,
				1870E2CC2AF1985700521EB4 /* ViewGender.swift */,
				1870E2D02AF198D900521EB4 /* ViewBirthday.swift */,
				1870E2D22AF1990900521EB4 /* ViewWeight.swift */,
				1870E2D42AF1993C00521EB4 /* ViewStatus.swift */,
			);
			path = Onboarding;
			sourceTree = "<group>";
		};
		3702486A2ACDF48800B01429 /* Extensions */ = {
			isa = PBXGroup;
			children = (
				3702486B2ACDF4A300B01429 /* TextField+Extensions.swift */,
				370248722ACDF65B00B01429 /* SecureField+Extensions.swift */,
			);
			path = Extensions;
			sourceTree = "<group>";
		};
		3702486E2ACDF61D00B01429 /* Components */ = {
			isa = PBXGroup;
			children = (
				372077402AD9E231008534FD /* Modifiers */,
				370248762ACDFB9D00B01429 /* SmallRoundButton.swift */,
				37F777FB2ACFA06A001C1CFA /* ProviderButton.swift */,
				37F777FD2ACFA190001C1CFA /* OrText.swift */,
				372077412AD9E24E008534FD /* ProviderAppleButton.swift */,
				37BEB5252ADD62AA0071E618 /* PasswordField.swift */,
			);
			path = Components;
			sourceTree = "<group>";
		};
		370433572ACC697E008F2703 /* Fonts */ = {
			isa = PBXGroup;
			children = (
				370433582ACC69E8008F2703 /* Inter.ttf */,
			);
			path = Fonts;
			sourceTree = "<group>";
		};
		3720773B2AD8D35D008534FD /* Frameworks */ = {
			isa = PBXGroup;
			children = (
			);
			name = Frameworks;
			sourceTree = "<group>";
		};
		372077402AD9E231008534FD /* Modifiers */ = {
			isa = PBXGroup;
			children = (
				370248702ACDF63300B01429 /* PrimaryTextFieldModifier.swift */,
			);
			path = Modifiers;
			sourceTree = "<group>";
		};
		374BB0832ABE5DC10010C707 /* Constants */ = {
			isa = PBXGroup;
			children = (
				374BB08B2ABE5E880010C707 /* Localization+Constants.swift */,
				370433552ACC6763008F2703 /* AssetColors+Constants.swift */,
				3704335B2ACC6BFC008F2703 /* CustomFonts+Constants.swift */,
				37F777F92ACF9E12001C1CFA /* AssetImages+Constants.swift */,
			);
			path = Constants;
			sourceTree = "<group>";
		};
		378EDCE22AD5C0CD001F5E5D /* Email */ = {
			isa = PBXGroup;
			children = (
				378EDCE32AD5C0DB001F5E5D /* EmailProvider.swift */,
			);
			path = Email;
			sourceTree = "<group>";
		};
		378FBC202B0F931300AA04FB /* LaunchScreen */ = {
			isa = PBXGroup;
			children = (
				378FBC212B0F933100AA04FB /* LaunchScreenView.swift */,
			);
			path = LaunchScreen;
			sourceTree = "<group>";
		};
		3799EF2D2AC3A8530018AB87 /* Resources */ = {
			isa = PBXGroup;
			children = (
				370433572ACC697E008F2703 /* Fonts */,
				374BB0882ABE5E350010C707 /* Localizable.strings */,
				37C5A1CF2ABB7187005280B5 /* Assets.xcassets */,
				37B0AAC62ADA0CBE005B4B9D /* GoogleService-Info.plist */,
				370433532ACC658F008F2703 /* Colors.xcassets */,
			);
			path = Resources;
			sourceTree = "<group>";
		};
		3799EF2E2AC3A87C0018AB87 /* Services */ = {
			isa = PBXGroup;
			children = (
				378EDCE22AD5C0CD001F5E5D /* Email */,
				3799EF3F2AC3AF0F0018AB87 /* Firebase */,
				3799EF2F2AC3A8910018AB87 /* Protocols */,
			);
			path = Services;
			sourceTree = "<group>";
		};
		3799EF2F2AC3A8910018AB87 /* Protocols */ = {
			isa = PBXGroup;
			children = (
				3799EF302AC3A8AA0018AB87 /* AuthenticationProviding.swift */,
				378EDCE02AD5C08C001F5E5D /* EmailProviding.swift */,
			);
			path = Protocols;
			sourceTree = "<group>";
		};
		3799EF322AC3AA810018AB87 /* Models */ = {
			isa = PBXGroup;
			children = (
				3799EF332AC3AAA80018AB87 /* User.swift */,
			);
			path = Models;
			sourceTree = "<group>";
		};
		3799EF372AC3AE050018AB87 /* Common */ = {
			isa = PBXGroup;
			children = (
				3799EF382AC3AE1E0018AB87 /* DependencyInjection */,
				372077432AD9EF36008534FD /* CryptoHelper.swift */,
				37A2D9592ADAD3C10019DF8F /* Log.swift */,
			);
			path = Common;
			sourceTree = "<group>";
		};
		3799EF382AC3AE1E0018AB87 /* DependencyInjection */ = {
			isa = PBXGroup;
			children = (
				3799EF392AC3AE710018AB87 /* InjectedValues.swift */,
				3799EF3B2AC3AE930018AB87 /* InjectionKey.swift */,
				3799EF3D2AC3AED00018AB87 /* Injected.swift */,
				3704334B2ACB9415008F2703 /* InjectedValues+Keys.swift */,
			);
			path = DependencyInjection;
			sourceTree = "<group>";
		};
		3799EF3F2AC3AF0F0018AB87 /* Firebase */ = {
			isa = PBXGroup;
			children = (
				3799EF402AC3AF240018AB87 /* FirebaseAuthenticationProvider.swift */,
			);
			path = Firebase;
			sourceTree = "<group>";
		};
		3799EF472AC3B0470018AB87 /* NutritionNestTests */ = {
			isa = PBXGroup;
			children = (
				3799EF482AC3B0470018AB87 /* NutritionNestTests.swift */,
				370433492ACB9394008F2703 /* AuthenticationTests.swift */,
			);
			path = NutritionNestTests;
			sourceTree = "<group>";
		};
		37C5A1BF2ABB7185005280B5 = {
			isa = PBXGroup;
			children = (
				377FAE232ABB976A00877F37 /* .swiftlint.yml */,
				37C5A1CA2ABB7185005280B5 /* NutritionNest */,
				3799EF472AC3B0470018AB87 /* NutritionNestTests */,
				37C5A1C92ABB7185005280B5 /* Products */,
				3720773B2AD8D35D008534FD /* Frameworks */,
			);
			sourceTree = "<group>";
		};
		37C5A1C92ABB7185005280B5 /* Products */ = {
			isa = PBXGroup;
			children = (
				37C5A1C82ABB7185005280B5 /* NutritionNest.app */,
				3799EF462AC3B0470018AB87 /* NutritionNestTests.xctest */,
			);
			name = Products;
			sourceTree = "<group>";
		};
		37C5A1CA2ABB7185005280B5 /* NutritionNest */ = {
			isa = PBXGroup;
			children = (
				3704335A2ACC6A61008F2703 /* Info.plist */,
				3799EF372AC3AE050018AB87 /* Common */,
				3799EF322AC3AA810018AB87 /* Models */,
				3799EF2E2AC3A87C0018AB87 /* Services */,
				3799EF2D2AC3A8530018AB87 /* Resources */,
				374BB0832ABE5DC10010C707 /* Constants */,
				3702486A2ACDF48800B01429 /* Extensions */,
				3702486E2ACDF61D00B01429 /* Components */,
				37C5A1DA2ABB7CB2005280B5 /* Views */,
				37C5A1CB2ABB7185005280B5 /* NutritionNestApp.swift */,
				3799EF562AC3B2B10018AB87 /* AppDelegate.swift */,
				37C5A1D12ABB7187005280B5 /* NutritionNest.entitlements */,
				37C5A1D22ABB7187005280B5 /* Preview Content */,
			);
			path = NutritionNest;
			sourceTree = "<group>";
		};
		37C5A1D22ABB7187005280B5 /* Preview Content */ = {
			isa = PBXGroup;
			children = (
				37C5A1D32ABB7187005280B5 /* Preview Assets.xcassets */,
			);
			path = "Preview Content";
			sourceTree = "<group>";
		};
		37C5A1DA2ABB7CB2005280B5 /* Views */ = {
			isa = PBXGroup;
			children = (
				378FBC202B0F931300AA04FB /* LaunchScreen */,
				18905E052AC4FAA700274E8D /* Onboarding */,
				37C5A1E22ABB7F38005280B5 /* SignIn */,
				37C5A1DF2ABB7F1A005280B5 /* SignUp */,
				37C5A1DB2ABB7E51005280B5 /* Content */,
			);
			path = Views;
			sourceTree = "<group>";
		};
		37C5A1DB2ABB7E51005280B5 /* Content */ = {
			isa = PBXGroup;
			children = (
				37C5A1CD2ABB7185005280B5 /* ContentView.swift */,
				378FBC232B0F9BB900AA04FB /* NavigationManager.swift */,
			);
			path = Content;
			sourceTree = "<group>";
		};
		37C5A1DF2ABB7F1A005280B5 /* SignUp */ = {
			isa = PBXGroup;
			children = (
				37C5A1E02ABB7F32005280B5 /* SignUpView.swift */,
				370248742ACDFAA000B01429 /* SignUpViewModel.swift */,
			);
			path = SignUp;
			sourceTree = "<group>";
		};
		37C5A1E22ABB7F38005280B5 /* SignIn */ = {
			isa = PBXGroup;
			children = (
				37C5A1E32ABB7F5B005280B5 /* SignInView.swift */,
				370248642ACDE75000B01429 /* SignInViewModel.swift */,
			);
			path = SignIn;
			sourceTree = "<group>";
		};
/* End PBXGroup section */

/* Begin PBXNativeTarget section */
		3799EF452AC3B0470018AB87 /* NutritionNestTests */ = {
			isa = PBXNativeTarget;
			buildConfigurationList = 3799EF4C2AC3B0470018AB87 /* Build configuration list for PBXNativeTarget "NutritionNestTests" */;
			buildPhases = (
				3799EF422AC3B0470018AB87 /* Sources */,
				3799EF432AC3B0470018AB87 /* Frameworks */,
				3799EF442AC3B0470018AB87 /* Resources */,
			);
			buildRules = (
			);
			dependencies = (
				3799EF4B2AC3B0470018AB87 /* PBXTargetDependency */,
			);
			name = NutritionNestTests;
			productName = NutritionNestTests;
			productReference = 3799EF462AC3B0470018AB87 /* NutritionNestTests.xctest */;
			productType = "com.apple.product-type.bundle.unit-test";
		};
		37C5A1C72ABB7185005280B5 /* NutritionNest */ = {
			isa = PBXNativeTarget;
			buildConfigurationList = 37C5A1D72ABB7187005280B5 /* Build configuration list for PBXNativeTarget "NutritionNest" */;
			buildPhases = (
				37C5A1C42ABB7185005280B5 /* Sources */,
				37C5A1C52ABB7185005280B5 /* Frameworks */,
				37C5A1C62ABB7185005280B5 /* Resources */,
				370433512ACBA747008F2703 /* ShellScript */,
			);
			buildRules = (
			);
			dependencies = (
			);
			name = NutritionNest;
			packageProductDependencies = (
				3799EF502AC3B2100018AB87 /* FirebaseAnalytics */,
				3799EF542AC3B2100018AB87 /* FirebaseAuth */,
				3720773C2AD8D35D008534FD /* GoogleSignIn */,
				37CD3F262AE09F40000F0245 /* FacebookCore */,
				37CD3F282AE0A3F4000F0245 /* FacebookLogin */,
			);
			productName = NutritionNest;
			productReference = 37C5A1C82ABB7185005280B5 /* NutritionNest.app */;
			productType = "com.apple.product-type.application";
		};
/* End PBXNativeTarget section */

/* Begin PBXProject section */
		37C5A1C02ABB7185005280B5 /* Project object */ = {
			isa = PBXProject;
			attributes = {
				BuildIndependentTargetsInParallel = 1;
				LastSwiftUpdateCheck = 1500;
				LastUpgradeCheck = 1500;
				TargetAttributes = {
					3799EF452AC3B0470018AB87 = {
						CreatedOnToolsVersion = 15.0;
						TestTargetID = 37C5A1C72ABB7185005280B5;
					};
					37C5A1C72ABB7185005280B5 = {
						CreatedOnToolsVersion = 14.3.1;
					};
				};
			};
			buildConfigurationList = 37C5A1C32ABB7185005280B5 /* Build configuration list for PBXProject "NutritionNest" */;
			compatibilityVersion = "Xcode 14.0";
			developmentRegion = en;
			hasScannedForEncodings = 0;
			knownRegions = (
				en,
				Base,
			);
			mainGroup = 37C5A1BF2ABB7185005280B5;
			packageReferences = (
				3799EF4F2AC3B2100018AB87 /* XCRemoteSwiftPackageReference "firebase-ios-sdk" */,
				3720773A2AD8D06A008534FD /* XCRemoteSwiftPackageReference "GoogleSignIn-iOS" */,
				37CD3F252AE09F40000F0245 /* XCRemoteSwiftPackageReference "facebook-ios-sdk" */,
			);
			productRefGroup = 37C5A1C92ABB7185005280B5 /* Products */;
			projectDirPath = "";
			projectRoot = "";
			targets = (
				37C5A1C72ABB7185005280B5 /* NutritionNest */,
				3799EF452AC3B0470018AB87 /* NutritionNestTests */,
			);
		};
/* End PBXProject section */

/* Begin PBXResourcesBuildPhase section */
		3799EF442AC3B0470018AB87 /* Resources */ = {
			isa = PBXResourcesBuildPhase;
			buildActionMask = 2147483647;
			files = (
			);
			runOnlyForDeploymentPostprocessing = 0;
		};
		37C5A1C62ABB7185005280B5 /* Resources */ = {
			isa = PBXResourcesBuildPhase;
			buildActionMask = 2147483647;
			files = (
				377FAE242ABB976A00877F37 /* .swiftlint.yml in Resources */,
				370433592ACC69ED008F2703 /* Inter.ttf in Resources */,
				374BB0862ABE5E350010C707 /* Localizable.strings in Resources */,
				370433542ACC658F008F2703 /* Colors.xcassets in Resources */,
				37C5A1D42ABB7187005280B5 /* Preview Assets.xcassets in Resources */,
				37C5A1D02ABB7187005280B5 /* Assets.xcassets in Resources */,
				37B0AAC72ADA0CBE005B4B9D /* GoogleService-Info.plist in Resources */,
			);
			runOnlyForDeploymentPostprocessing = 0;
		};
/* End PBXResourcesBuildPhase section */

/* Begin PBXShellScriptBuildPhase section */
		370433512ACBA747008F2703 /* ShellScript */ = {
			isa = PBXShellScriptBuildPhase;
			alwaysOutOfDate = 1;
			buildActionMask = 2147483647;
			files = (
			);
			inputFileListPaths = (
			);
			inputPaths = (
			);
			outputFileListPaths = (
			);
			outputPaths = (
			);
			runOnlyForDeploymentPostprocessing = 0;
			shellPath = /bin/sh;
			shellScript = "if [[ \"$(uname -m)\" == arm64 ]]; then\n    export PATH=\"/opt/homebrew/bin:$PATH\"\nfi\n\nif which swiftlint > /dev/null; then\n  swiftlint\nelse\n  echo \"warning: SwiftLint not installed, download from https://github.com/realm/SwiftLint\"\nfi\n";
		};
/* End PBXShellScriptBuildPhase section */

/* Begin PBXSourcesBuildPhase section */
		3799EF422AC3B0470018AB87 /* Sources */ = {
			isa = PBXSourcesBuildPhase;
			buildActionMask = 2147483647;
			files = (
				3799EF492AC3B0470018AB87 /* NutritionNestTests.swift in Sources */,
				3704334A2ACB9394008F2703 /* AuthenticationTests.swift in Sources */,
			);
			runOnlyForDeploymentPostprocessing = 0;
		};
		37C5A1C42ABB7185005280B5 /* Sources */ = {
			isa = PBXSourcesBuildPhase;
			buildActionMask = 2147483647;
			files = (
				3799EF572AC3B2B10018AB87 /* AppDelegate.swift in Sources */,
				37C5A1CE2ABB7185005280B5 /* ContentView.swift in Sources */,
				37A2D95A2ADAD3C10019DF8F /* Log.swift in Sources */,
				374BB08C2ABE5E880010C707 /* Localization+Constants.swift in Sources */,
				3704335C2ACC6BFC008F2703 /* CustomFonts+Constants.swift in Sources */,
				1870E2D12AF198D900521EB4 /* ViewBirthday.swift in Sources */,
				37F777FE2ACFA190001C1CFA /* OrText.swift in Sources */,
				37C5A1E12ABB7F32005280B5 /* SignUpView.swift in Sources */,
				378FBC222B0F933100AA04FB /* LaunchScreenView.swift in Sources */,
				370248772ACDFB9D00B01429 /* SmallRoundButton.swift in Sources */,
				37F777FC2ACFA06A001C1CFA /* ProviderButton.swift in Sources */,
				1870E2D32AF1990900521EB4 /* ViewWeight.swift in Sources */,
				3702486C2ACDF4A300B01429 /* TextField+Extensions.swift in Sources */,
				378FBC242B0F9BB900AA04FB /* NavigationManager.swift in Sources */,
				372077442AD9EF36008534FD /* CryptoHelper.swift in Sources */,
				18905E072AC4FABC00274E8D /* OnboardingView.swift in Sources */,
				37C5A1E42ABB7F5B005280B5 /* SignInView.swift in Sources */,
				3799EF312AC3A8AA0018AB87 /* AuthenticationProviding.swift in Sources */,
				378EDCE42AD5C0DB001F5E5D /* EmailProvider.swift in Sources */,
				372077422AD9E24E008534FD /* ProviderAppleButton.swift in Sources */,
				370248712ACDF63300B01429 /* PrimaryTextFieldModifier.swift in Sources */,
				37BEB5262ADD62AA0071E618 /* PasswordField.swift in Sources */,
				3799EF3E2AC3AED00018AB87 /* Injected.swift in Sources */,
				3799EF3A2AC3AE710018AB87 /* InjectedValues.swift in Sources */,
				1870E2CF2AF1989300521EB4 /* ViewGoal.swift in Sources */,
				1870E2D52AF1993C00521EB4 /* ViewStatus.swift in Sources */,
				378EDCE12AD5C08C001F5E5D /* EmailProviding.swift in Sources */,
				37C5A1CC2ABB7185005280B5 /* NutritionNestApp.swift in Sources */,
				370248752ACDFAA000B01429 /* SignUpViewModel.swift in Sources */,
				370248732ACDF65B00B01429 /* SecureField+Extensions.swift in Sources */,
				3704334C2ACB9415008F2703 /* InjectedValues+Keys.swift in Sources */,
				3799EF3C2AC3AE930018AB87 /* InjectionKey.swift in Sources */,
				3799EF342AC3AAA80018AB87 /* User.swift in Sources */,
				3799EF412AC3AF240018AB87 /* FirebaseAuthenticationProvider.swift in Sources */,
				37F777FA2ACF9E12001C1CFA /* AssetImages+Constants.swift in Sources */,
				370433562ACC6763008F2703 /* AssetColors+Constants.swift in Sources */,
				370248652ACDE75000B01429 /* SignInViewModel.swift in Sources */,
				1870E2CD2AF1985700521EB4 /* ViewGender.swift in Sources */,
			);
			runOnlyForDeploymentPostprocessing = 0;
		};
/* End PBXSourcesBuildPhase section */

/* Begin PBXTargetDependency section */
		3799EF4B2AC3B0470018AB87 /* PBXTargetDependency */ = {
			isa = PBXTargetDependency;
			target = 37C5A1C72ABB7185005280B5 /* NutritionNest */;
			targetProxy = 3799EF4A2AC3B0470018AB87 /* PBXContainerItemProxy */;
		};
/* End PBXTargetDependency section */

/* Begin PBXVariantGroup section */
		374BB0882ABE5E350010C707 /* Localizable.strings */ = {
			isa = PBXVariantGroup;
			children = (
				374BB0872ABE5E350010C707 /* en */,
			);
			name = Localizable.strings;
			sourceTree = "<group>";
		};
/* End PBXVariantGroup section */

/* Begin XCBuildConfiguration section */
		3799EF4D2AC3B0470018AB87 /* Debug */ = {
			isa = XCBuildConfiguration;
			buildSettings = {
				ASSETCATALOG_COMPILER_GENERATE_SWIFT_ASSET_SYMBOL_EXTENSIONS = YES;
				BUNDLE_LOADER = "$(TEST_HOST)";
				CODE_SIGN_STYLE = Automatic;
				CURRENT_PROJECT_VERSION = 1;
				DEVELOPMENT_TEAM = SABRDAYZVW;
				GCC_C_LANGUAGE_STANDARD = gnu17;
				GENERATE_INFOPLIST_FILE = YES;
				IPHONEOS_DEPLOYMENT_TARGET = 17.0;
				LOCALIZATION_PREFERS_STRING_CATALOGS = YES;
				MACOSX_DEPLOYMENT_TARGET = 13.6;
				MARKETING_VERSION = 1.0;
				PRODUCT_BUNDLE_IDENTIFIER = com.SerendipitousDreamInc.NutritionNest;
				PRODUCT_NAME = "$(TARGET_NAME)";
				SDKROOT = auto;
				SUPPORTED_PLATFORMS = "iphoneos iphonesimulator macosx";
				SWIFT_ACTIVE_COMPILATION_CONDITIONS = "DEBUG $(inherited)";
				SWIFT_EMIT_LOC_STRINGS = NO;
				SWIFT_VERSION = 5.0;
				TARGETED_DEVICE_FAMILY = "1,2";
				TEST_HOST = "$(BUILT_PRODUCTS_DIR)/NutritionNest.app/$(BUNDLE_EXECUTABLE_FOLDER_PATH)/NutritionNest";
			};
			name = Debug;
		};
		3799EF4E2AC3B0470018AB87 /* Release */ = {
			isa = XCBuildConfiguration;
			buildSettings = {
				ASSETCATALOG_COMPILER_GENERATE_SWIFT_ASSET_SYMBOL_EXTENSIONS = YES;
				BUNDLE_LOADER = "$(TEST_HOST)";
				CODE_SIGN_STYLE = Automatic;
				CURRENT_PROJECT_VERSION = 1;
				DEVELOPMENT_TEAM = SABRDAYZVW;
				GCC_C_LANGUAGE_STANDARD = gnu17;
				GENERATE_INFOPLIST_FILE = YES;
				IPHONEOS_DEPLOYMENT_TARGET = 17.0;
				LOCALIZATION_PREFERS_STRING_CATALOGS = YES;
				MACOSX_DEPLOYMENT_TARGET = 13.6;
				MARKETING_VERSION = 1.0;
				PRODUCT_BUNDLE_IDENTIFIER = com.SerendipitousDreamInc.NutritionNest;
				PRODUCT_NAME = "$(TARGET_NAME)";
				SDKROOT = auto;
				SUPPORTED_PLATFORMS = "iphoneos iphonesimulator macosx";
				SWIFT_EMIT_LOC_STRINGS = NO;
				SWIFT_VERSION = 5.0;
				TARGETED_DEVICE_FAMILY = "1,2";
				TEST_HOST = "$(BUILT_PRODUCTS_DIR)/NutritionNest.app/$(BUNDLE_EXECUTABLE_FOLDER_PATH)/NutritionNest";
			};
			name = Release;
		};
		37C5A1D52ABB7187005280B5 /* Debug */ = {
			isa = XCBuildConfiguration;
			buildSettings = {
				ALWAYS_SEARCH_USER_PATHS = NO;
				CLANG_ANALYZER_NONNULL = YES;
				CLANG_ANALYZER_NUMBER_OBJECT_CONVERSION = YES_AGGRESSIVE;
				CLANG_CXX_LANGUAGE_STANDARD = "gnu++20";
				CLANG_ENABLE_MODULES = YES;
				CLANG_ENABLE_OBJC_ARC = YES;
				CLANG_ENABLE_OBJC_WEAK = YES;
				CLANG_WARN_BLOCK_CAPTURE_AUTORELEASING = YES;
				CLANG_WARN_BOOL_CONVERSION = YES;
				CLANG_WARN_COMMA = YES;
				CLANG_WARN_CONSTANT_CONVERSION = YES;
				CLANG_WARN_DEPRECATED_OBJC_IMPLEMENTATIONS = YES;
				CLANG_WARN_DIRECT_OBJC_ISA_USAGE = YES_ERROR;
				CLANG_WARN_DOCUMENTATION_COMMENTS = YES;
				CLANG_WARN_EMPTY_BODY = YES;
				CLANG_WARN_ENUM_CONVERSION = YES;
				CLANG_WARN_INFINITE_RECURSION = YES;
				CLANG_WARN_INT_CONVERSION = YES;
				CLANG_WARN_NON_LITERAL_NULL_CONVERSION = YES;
				CLANG_WARN_OBJC_IMPLICIT_RETAIN_SELF = YES;
				CLANG_WARN_OBJC_LITERAL_CONVERSION = YES;
				CLANG_WARN_OBJC_ROOT_CLASS = YES_ERROR;
				CLANG_WARN_QUOTED_INCLUDE_IN_FRAMEWORK_HEADER = YES;
				CLANG_WARN_RANGE_LOOP_ANALYSIS = YES;
				CLANG_WARN_STRICT_PROTOTYPES = YES;
				CLANG_WARN_SUSPICIOUS_MOVE = YES;
				CLANG_WARN_UNGUARDED_AVAILABILITY = YES_AGGRESSIVE;
				CLANG_WARN_UNREACHABLE_CODE = YES;
				CLANG_WARN__DUPLICATE_METHOD_MATCH = YES;
				COPY_PHASE_STRIP = NO;
				DEAD_CODE_STRIPPING = YES;
				DEBUG_INFORMATION_FORMAT = dwarf;
				ENABLE_STRICT_OBJC_MSGSEND = YES;
				ENABLE_TESTABILITY = YES;
				ENABLE_USER_SCRIPT_SANDBOXING = YES;
				GCC_C_LANGUAGE_STANDARD = gnu11;
				GCC_DYNAMIC_NO_PIC = NO;
				GCC_NO_COMMON_BLOCKS = YES;
				GCC_OPTIMIZATION_LEVEL = 0;
				GCC_PREPROCESSOR_DEFINITIONS = (
					"DEBUG=1",
					"$(inherited)",
				);
				GCC_WARN_64_TO_32_BIT_CONVERSION = YES;
				GCC_WARN_ABOUT_RETURN_TYPE = YES_ERROR;
				GCC_WARN_UNDECLARED_SELECTOR = YES;
				GCC_WARN_UNINITIALIZED_AUTOS = YES_AGGRESSIVE;
				GCC_WARN_UNUSED_FUNCTION = YES;
				GCC_WARN_UNUSED_VARIABLE = YES;
				MTL_ENABLE_DEBUG_INFO = INCLUDE_SOURCE;
				MTL_FAST_MATH = YES;
				ONLY_ACTIVE_ARCH = YES;
				SWIFT_ACTIVE_COMPILATION_CONDITIONS = DEBUG;
				SWIFT_OPTIMIZATION_LEVEL = "-Onone";
			};
			name = Debug;
		};
		37C5A1D62ABB7187005280B5 /* Release */ = {
			isa = XCBuildConfiguration;
			buildSettings = {
				ALWAYS_SEARCH_USER_PATHS = NO;
				CLANG_ANALYZER_NONNULL = YES;
				CLANG_ANALYZER_NUMBER_OBJECT_CONVERSION = YES_AGGRESSIVE;
				CLANG_CXX_LANGUAGE_STANDARD = "gnu++20";
				CLANG_ENABLE_MODULES = YES;
				CLANG_ENABLE_OBJC_ARC = YES;
				CLANG_ENABLE_OBJC_WEAK = YES;
				CLANG_WARN_BLOCK_CAPTURE_AUTORELEASING = YES;
				CLANG_WARN_BOOL_CONVERSION = YES;
				CLANG_WARN_COMMA = YES;
				CLANG_WARN_CONSTANT_CONVERSION = YES;
				CLANG_WARN_DEPRECATED_OBJC_IMPLEMENTATIONS = YES;
				CLANG_WARN_DIRECT_OBJC_ISA_USAGE = YES_ERROR;
				CLANG_WARN_DOCUMENTATION_COMMENTS = YES;
				CLANG_WARN_EMPTY_BODY = YES;
				CLANG_WARN_ENUM_CONVERSION = YES;
				CLANG_WARN_INFINITE_RECURSION = YES;
				CLANG_WARN_INT_CONVERSION = YES;
				CLANG_WARN_NON_LITERAL_NULL_CONVERSION = YES;
				CLANG_WARN_OBJC_IMPLICIT_RETAIN_SELF = YES;
				CLANG_WARN_OBJC_LITERAL_CONVERSION = YES;
				CLANG_WARN_OBJC_ROOT_CLASS = YES_ERROR;
				CLANG_WARN_QUOTED_INCLUDE_IN_FRAMEWORK_HEADER = YES;
				CLANG_WARN_RANGE_LOOP_ANALYSIS = YES;
				CLANG_WARN_STRICT_PROTOTYPES = YES;
				CLANG_WARN_SUSPICIOUS_MOVE = YES;
				CLANG_WARN_UNGUARDED_AVAILABILITY = YES_AGGRESSIVE;
				CLANG_WARN_UNREACHABLE_CODE = YES;
				CLANG_WARN__DUPLICATE_METHOD_MATCH = YES;
				COPY_PHASE_STRIP = NO;
				DEAD_CODE_STRIPPING = YES;
				DEBUG_INFORMATION_FORMAT = "dwarf-with-dsym";
				ENABLE_NS_ASSERTIONS = NO;
				ENABLE_STRICT_OBJC_MSGSEND = YES;
				ENABLE_USER_SCRIPT_SANDBOXING = YES;
				GCC_C_LANGUAGE_STANDARD = gnu11;
				GCC_NO_COMMON_BLOCKS = YES;
				GCC_WARN_64_TO_32_BIT_CONVERSION = YES;
				GCC_WARN_ABOUT_RETURN_TYPE = YES_ERROR;
				GCC_WARN_UNDECLARED_SELECTOR = YES;
				GCC_WARN_UNINITIALIZED_AUTOS = YES_AGGRESSIVE;
				GCC_WARN_UNUSED_FUNCTION = YES;
				GCC_WARN_UNUSED_VARIABLE = YES;
				MTL_ENABLE_DEBUG_INFO = NO;
				MTL_FAST_MATH = YES;
				SWIFT_COMPILATION_MODE = wholemodule;
				SWIFT_OPTIMIZATION_LEVEL = "-O";
			};
			name = Release;
		};
		37C5A1D82ABB7187005280B5 /* Debug */ = {
			isa = XCBuildConfiguration;
			buildSettings = {
				ASSETCATALOG_COMPILER_APPICON_NAME = AppIcon;
				ASSETCATALOG_COMPILER_GLOBAL_ACCENT_COLOR_NAME = AccentColor;
				CODE_SIGN_ENTITLEMENTS = NutritionNest/NutritionNest.entitlements;
				CODE_SIGN_STYLE = Automatic;
				CURRENT_PROJECT_VERSION = 1;
				DEAD_CODE_STRIPPING = YES;
				DEVELOPMENT_ASSET_PATHS = "\"NutritionNest/Preview Content\"";
				DEVELOPMENT_TEAM = SABRDAYZVW;
				ENABLE_HARDENED_RUNTIME = YES;
				ENABLE_PREVIEWS = YES;
				ENABLE_USER_SCRIPT_SANDBOXING = NO;
				GENERATE_INFOPLIST_FILE = YES;
				INFOPLIST_FILE = NutritionNest/Info.plist;
				INFOPLIST_KEY_CFBundleDisplayName = NutritionNest;
				INFOPLIST_KEY_LSApplicationCategoryType = "public.app-category.healthcare-fitness";
				"INFOPLIST_KEY_UIApplicationSceneManifest_Generation[sdk=iphoneos*]" = YES;
				"INFOPLIST_KEY_UIApplicationSceneManifest_Generation[sdk=iphonesimulator*]" = YES;
				"INFOPLIST_KEY_UIApplicationSupportsIndirectInputEvents[sdk=iphoneos*]" = YES;
				"INFOPLIST_KEY_UIApplicationSupportsIndirectInputEvents[sdk=iphonesimulator*]" = YES;
				"INFOPLIST_KEY_UILaunchScreen_Generation[sdk=iphoneos*]" = YES;
				"INFOPLIST_KEY_UILaunchScreen_Generation[sdk=iphonesimulator*]" = YES;
				"INFOPLIST_KEY_UIStatusBarStyle[sdk=iphoneos*]" = UIStatusBarStyleDefault;
				"INFOPLIST_KEY_UIStatusBarStyle[sdk=iphonesimulator*]" = UIStatusBarStyleDefault;
				INFOPLIST_KEY_UISupportedInterfaceOrientations = UIInterfaceOrientationPortrait;
				INFOPLIST_KEY_UISupportedInterfaceOrientations_iPad = "UIInterfaceOrientationLandscapeLeft UIInterfaceOrientationLandscapeRight UIInterfaceOrientationPortrait UIInterfaceOrientationPortraitUpsideDown";
				IPHONEOS_DEPLOYMENT_TARGET = 16.4;
				LD_RUNPATH_SEARCH_PATHS = "@executable_path/Frameworks";
				"LD_RUNPATH_SEARCH_PATHS[sdk=macosx*]" = "@executable_path/../Frameworks";
				MACOSX_DEPLOYMENT_TARGET = 13.3;
				MARKETING_VERSION = 1.0;
				"OTHER_LDFLAGS[arch=*]" = (
					"-Xlinker",
					"-no_warn_duplicate_libraries",
				);
				PRODUCT_BUNDLE_IDENTIFIER = com.SerendipitousDreamInc.NutritionNest;
				PRODUCT_NAME = "$(TARGET_NAME)";
				SDKROOT = auto;
				SUPPORTED_PLATFORMS = "iphoneos iphonesimulator";
				SUPPORTS_MACCATALYST = NO;
				SUPPORTS_MAC_DESIGNED_FOR_IPHONE_IPAD = NO;
				SWIFT_EMIT_LOC_STRINGS = YES;
				SWIFT_VERSION = 5.0;
				TARGETED_DEVICE_FAMILY = 1;
			};
			name = Debug;
		};
		37C5A1D92ABB7187005280B5 /* Release */ = {
			isa = XCBuildConfiguration;
			buildSettings = {
				ASSETCATALOG_COMPILER_APPICON_NAME = AppIcon;
				ASSETCATALOG_COMPILER_GLOBAL_ACCENT_COLOR_NAME = AccentColor;
				CODE_SIGN_ENTITLEMENTS = NutritionNest/NutritionNest.entitlements;
				CODE_SIGN_STYLE = Automatic;
				CURRENT_PROJECT_VERSION = 1;
				DEAD_CODE_STRIPPING = YES;
				DEVELOPMENT_ASSET_PATHS = "\"NutritionNest/Preview Content\"";
				DEVELOPMENT_TEAM = SABRDAYZVW;
				ENABLE_HARDENED_RUNTIME = YES;
				ENABLE_PREVIEWS = YES;
				ENABLE_USER_SCRIPT_SANDBOXING = NO;
				GENERATE_INFOPLIST_FILE = YES;
				INFOPLIST_FILE = NutritionNest/Info.plist;
				INFOPLIST_KEY_CFBundleDisplayName = NutritionNest;
				INFOPLIST_KEY_LSApplicationCategoryType = "public.app-category.healthcare-fitness";
				"INFOPLIST_KEY_UIApplicationSceneManifest_Generation[sdk=iphoneos*]" = YES;
				"INFOPLIST_KEY_UIApplicationSceneManifest_Generation[sdk=iphonesimulator*]" = YES;
				"INFOPLIST_KEY_UIApplicationSupportsIndirectInputEvents[sdk=iphoneos*]" = YES;
				"INFOPLIST_KEY_UIApplicationSupportsIndirectInputEvents[sdk=iphonesimulator*]" = YES;
				"INFOPLIST_KEY_UILaunchScreen_Generation[sdk=iphoneos*]" = YES;
				"INFOPLIST_KEY_UILaunchScreen_Generation[sdk=iphonesimulator*]" = YES;
				"INFOPLIST_KEY_UIStatusBarStyle[sdk=iphoneos*]" = UIStatusBarStyleDefault;
				"INFOPLIST_KEY_UIStatusBarStyle[sdk=iphonesimulator*]" = UIStatusBarStyleDefault;
				INFOPLIST_KEY_UISupportedInterfaceOrientations = UIInterfaceOrientationPortrait;
				INFOPLIST_KEY_UISupportedInterfaceOrientations_iPad = "UIInterfaceOrientationLandscapeLeft UIInterfaceOrientationLandscapeRight UIInterfaceOrientationPortrait UIInterfaceOrientationPortraitUpsideDown";
				IPHONEOS_DEPLOYMENT_TARGET = 16.4;
				LD_RUNPATH_SEARCH_PATHS = "@executable_path/Frameworks";
				"LD_RUNPATH_SEARCH_PATHS[sdk=macosx*]" = "@executable_path/../Frameworks";
				MACOSX_DEPLOYMENT_TARGET = 13.3;
				MARKETING_VERSION = 1.0;
				"OTHER_LDFLAGS[arch=*]" = "-no_warn_duplicate_libraries";
				PRODUCT_BUNDLE_IDENTIFIER = com.SerendipitousDreamInc.NutritionNest;
				PRODUCT_NAME = "$(TARGET_NAME)";
				SDKROOT = auto;
				SUPPORTED_PLATFORMS = "iphoneos iphonesimulator";
				SUPPORTS_MACCATALYST = NO;
				SUPPORTS_MAC_DESIGNED_FOR_IPHONE_IPAD = NO;
				SWIFT_EMIT_LOC_STRINGS = YES;
				SWIFT_VERSION = 5.0;
				TARGETED_DEVICE_FAMILY = 1;
			};
			name = Release;
		};
/* End XCBuildConfiguration section */

/* Begin XCConfigurationList section */
		3799EF4C2AC3B0470018AB87 /* Build configuration list for PBXNativeTarget "NutritionNestTests" */ = {
			isa = XCConfigurationList;
			buildConfigurations = (
				3799EF4D2AC3B0470018AB87 /* Debug */,
				3799EF4E2AC3B0470018AB87 /* Release */,
			);
			defaultConfigurationIsVisible = 0;
			defaultConfigurationName = Release;
		};
		37C5A1C32ABB7185005280B5 /* Build configuration list for PBXProject "NutritionNest" */ = {
			isa = XCConfigurationList;
			buildConfigurations = (
				37C5A1D52ABB7187005280B5 /* Debug */,
				37C5A1D62ABB7187005280B5 /* Release */,
			);
			defaultConfigurationIsVisible = 0;
			defaultConfigurationName = Release;
		};
		37C5A1D72ABB7187005280B5 /* Build configuration list for PBXNativeTarget "NutritionNest" */ = {
			isa = XCConfigurationList;
			buildConfigurations = (
				37C5A1D82ABB7187005280B5 /* Debug */,
				37C5A1D92ABB7187005280B5 /* Release */,
			);
			defaultConfigurationIsVisible = 0;
			defaultConfigurationName = Release;
		};
/* End XCConfigurationList section */

/* Begin XCRemoteSwiftPackageReference section */
		3720773A2AD8D06A008534FD /* XCRemoteSwiftPackageReference "GoogleSignIn-iOS" */ = {
			isa = XCRemoteSwiftPackageReference;
			repositoryURL = "https://github.com/google/GoogleSignIn-iOS";
			requirement = {
				kind = upToNextMajorVersion;
				minimumVersion = 7.0.0;
			};
		};
		3799EF4F2AC3B2100018AB87 /* XCRemoteSwiftPackageReference "firebase-ios-sdk" */ = {
			isa = XCRemoteSwiftPackageReference;
			repositoryURL = "https://github.com/firebase/firebase-ios-sdk";
			requirement = {
				kind = upToNextMajorVersion;
				minimumVersion = 10.15.0;
			};
		};
		37CD3F252AE09F40000F0245 /* XCRemoteSwiftPackageReference "facebook-ios-sdk" */ = {
			isa = XCRemoteSwiftPackageReference;
			repositoryURL = "https://github.com/facebook/facebook-ios-sdk";
			requirement = {
				kind = upToNextMajorVersion;
				minimumVersion = 14.1.0;
			};
		};
/* End XCRemoteSwiftPackageReference section */

/* Begin XCSwiftPackageProductDependency section */
		3720773C2AD8D35D008534FD /* GoogleSignIn */ = {
			isa = XCSwiftPackageProductDependency;
			package = 3720773A2AD8D06A008534FD /* XCRemoteSwiftPackageReference "GoogleSignIn-iOS" */;
			productName = GoogleSignIn;
		};
		3799EF502AC3B2100018AB87 /* FirebaseAnalytics */ = {
			isa = XCSwiftPackageProductDependency;
			package = 3799EF4F2AC3B2100018AB87 /* XCRemoteSwiftPackageReference "firebase-ios-sdk" */;
			productName = FirebaseAnalytics;
		};
		3799EF542AC3B2100018AB87 /* FirebaseAuth */ = {
			isa = XCSwiftPackageProductDependency;
			package = 3799EF4F2AC3B2100018AB87 /* XCRemoteSwiftPackageReference "firebase-ios-sdk" */;
			productName = FirebaseAuth;
		};
		37CD3F262AE09F40000F0245 /* FacebookCore */ = {
			isa = XCSwiftPackageProductDependency;
			package = 37CD3F252AE09F40000F0245 /* XCRemoteSwiftPackageReference "facebook-ios-sdk" */;
			productName = FacebookCore;
		};
		37CD3F282AE0A3F4000F0245 /* FacebookLogin */ = {
			isa = XCSwiftPackageProductDependency;
			package = 37CD3F252AE09F40000F0245 /* XCRemoteSwiftPackageReference "facebook-ios-sdk" */;
			productName = FacebookLogin;
		};
/* End XCSwiftPackageProductDependency section */
	};
	rootObject = 37C5A1C02ABB7185005280B5 /* Project object */;
}
